
Microsoft Visual Studio Solution File, Format Version 12.00
# Visual Studio Version 17
VisualStudioVersion = 17.14.36025.13
MinimumVisualStudioVersion = 10.0.40219.1
Project("{FAE04EC0-301F-11D3-BF4B-00C04F79EFBC}") = "CubiomesSharp", "CubiomesSharp\CubiomesSharp.csproj", "{ED512D5D-7256-49A0-86E5-76F3512BA206}"
EndProject
Project("{FAE04EC0-301F-11D3-BF4B-00C04F79EFBC}") = "CubiomesSharp.UnitTests", "CubiomesSharp.UnitTests\CubiomesSharp.UnitTests.csproj", "{9E0507E7-F19D-41B7-B174-DB7DA7112104}"
EndProject
Project("{FAE04EC0-301F-11D3-BF4B-00C04F79EFBC}") = "CubiomesSharp.Examples", "CubiomesSharp.Examples\CubiomesSharp.Examples.csproj", "{780B11DB-6B05-48DA-8DB8-9B7DBEB47536}"
EndProject
Global
	GlobalSection(SolutionConfigurationPlatforms) = preSolution
		Debug|Any CPU = Debug|Any CPU
		Release|Any CPU = Release|Any CPU
	EndGlobalSection
	GlobalSection(ProjectConfigurationPlatforms) = postSolution
		{ED512D5D-7256-49A0-86E5-76F3512BA206}.Debug|Any CPU.ActiveCfg = Debug|Any CPU
		{ED512D5D-7256-49A0-86E5-76F3512BA206}.Debug|Any CPU.Build.0 = Debug|Any CPU
		{ED512D5D-7256-49A0-86E5-76F3512BA206}.Release|Any CPU.ActiveCfg = Release|Any CPU
		{ED512D5D-7256-49A0-86E5-76F3512BA206}.Release|Any CPU.Build.0 = Release|Any CPU
		{9E0507E7-F19D-41B7-B174-DB7DA7112104}.Debug|Any CPU.ActiveCfg = Debug|Any CPU
		{9E0507E7-F19D-41B7-B174-DB7DA7112104}.Debug|Any CPU.Build.0 = Debug|Any CPU
		{9E0507E7-F19D-41B7-B174-DB7DA7112104}.Release|Any CPU.ActiveCfg = Release|Any CPU
		{9E0507E7-F19D-41B7-B174-DB7DA7112104}.Release|Any CPU.Build.0 = Release|Any CPU
		{780B11DB-6B05-48DA-8DB8-9B7DBEB47536}.Debug|Any CPU.ActiveCfg = Debug|Any CPU
		{780B11DB-6B05-48DA-8DB8-9B7DBEB47536}.Debug|Any CPU.Build.0 = Debug|Any CPU
		{780B11DB-6B05-48DA-8DB8-9B7DBEB47536}.Release|Any CPU.ActiveCfg = Release|Any CPU
		{780B11DB-6B05-48DA-8DB8-9B7DBEB47536}.Release|Any CPU.Build.0 = Release|Any CPU
	EndGlobalSection
	GlobalSection(SolutionProperties) = preSolution
		HideSolutionNode = FALSE
	EndGlobalSection
	GlobalSection(ExtensibilityGlobals) = postSolution
		SolutionGuid = {8D42503D-AB22-4427-A2AF-BE59A24EE7E0}
	EndGlobalSection
EndGlobal
